# This file is autogenerated, do not edit; changes may be undone by the next 'dep ensure'.


[[projects]]
  branch = "master"
  digest = "1:e4fd8a4041e47ec6cb6c38ad4baf4f1f37278c7ba23625905147a5823885787a"
  name = "github.com/auth0/go-jwt-middleware"
  packages = ["."]
  pruneopts = "UT"
  revision = "5493cabe49f7bfa6e2ec444a09d334d90cd4e2bd"

[[projects]]
  digest = "1:76dc72490af7174349349838f2fe118996381b31ea83243812a97e5a0fd5ed55"
  name = "github.com/dgrijalva/jwt-go"
  packages = ["."]
  pruneopts = "UT"
  revision = "06ea1031745cb8b3dab3f6a236daf2b0aa468b7e"
  version = "v3.2.0"

[[projects]]
  digest = "1:5ced76d5833dd5cde2e5a659b1513c4448903d970efabfe665ad28fa69422192"
  name = "github.com/travelgateX/go-jwt-tools"
  packages = [
    ".",
    "jwt",
  ]
  pruneopts = "UT"
  revision = "ba29ab81ca25735e562ee369336dc8d634fc293a"
  version = "v1.2.1"

[solve-meta]
  analyzer-name = "dep"
  analyzer-version = 1
  input-imports = ["github.com/travelgateX/go-jwt-tools/jwt"]
  solver-name = "gps-cdcl"
  solver-version = 1
